
Microsoft Visual Studio Solution File, Format Version 12.00
# Visual Studio Version 17
VisualStudioVersion = 17.14.36327.8 d17.14
MinimumVisualStudioVersion = 10.0.40219.1
Project("{FAE04EC0-301F-11D3-BF4B-00C04F79EFBC}") = "OpenWordsPlatform.Web", "OpenWordsPlatform.Web\OpenWordsPlatform.Web.csproj", "{11DCF409-5A97-4C23-A4D3-6294B099F3F3}"
EndProject
Project("{FAE04EC0-301F-11D3-BF4B-00C04F79EFBC}") = "OpenWordsPlatform.Common", "OpenWordsPlatform.Common\OpenWordsPlatform.Common.csproj", "{4B9D7B3B-FF43-4DB7-9757-87F90C74052C}"
EndProject
Project("{2150E333-8FDC-42A3-9474-1A3956D46DE8}") = "src", "src", "{02EA681E-C7D8-13C7-8484-4AC65E1B71E8}"
EndProject
Project("{2150E333-8FDC-42A3-9474-1A3956D46DE8}") = "Modules", "Modules", "{745B21D9-CBA8-4A5F-B5C8-33112393393F}"
EndProject
Project("{2150E333-8FDC-42A3-9474-1A3956D46DE8}") = "Themes", "Themes", "{58A2C488-91D4-4ABC-834B-412D92EB1E6B}"
EndProject
Project("{FAE04EC0-301F-11D3-BF4B-00C04F79EFBC}") = "OpenWordsPlatform.Theme", "OpenWordsPlatform.Theme\OpenWordsPlatform.Theme.csproj", "{03CF443D-753B-4E86-8888-EDD4FEA91753}"
EndProject
Global
	GlobalSection(SolutionConfigurationPlatforms) = preSolution
		Debug|Any CPU = Debug|Any CPU
		Release|Any CPU = Release|Any CPU
	EndGlobalSection
	GlobalSection(ProjectConfigurationPlatforms) = postSolution
		{11DCF409-5A97-4C23-A4D3-6294B099F3F3}.Debug|Any CPU.ActiveCfg = Debug|Any CPU
		{11DCF409-5A97-4C23-A4D3-6294B099F3F3}.Debug|Any CPU.Build.0 = Debug|Any CPU
		{11DCF409-5A97-4C23-A4D3-6294B099F3F3}.Release|Any CPU.ActiveCfg = Release|Any CPU
		{11DCF409-5A97-4C23-A4D3-6294B099F3F3}.Release|Any CPU.Build.0 = Release|Any CPU
		{4B9D7B3B-FF43-4DB7-9757-87F90C74052C}.Debug|Any CPU.ActiveCfg = Debug|Any CPU
		{4B9D7B3B-FF43-4DB7-9757-87F90C74052C}.Debug|Any CPU.Build.0 = Debug|Any CPU
		{4B9D7B3B-FF43-4DB7-9757-87F90C74052C}.Release|Any CPU.ActiveCfg = Release|Any CPU
		{4B9D7B3B-FF43-4DB7-9757-87F90C74052C}.Release|Any CPU.Build.0 = Release|Any CPU
		{03CF443D-753B-4E86-8888-EDD4FEA91753}.Debug|Any CPU.ActiveCfg = Debug|Any CPU
		{03CF443D-753B-4E86-8888-EDD4FEA91753}.Debug|Any CPU.Build.0 = Debug|Any CPU
		{03CF443D-753B-4E86-8888-EDD4FEA91753}.Release|Any CPU.ActiveCfg = Release|Any CPU
		{03CF443D-753B-4E86-8888-EDD4FEA91753}.Release|Any CPU.Build.0 = Release|Any CPU
	EndGlobalSection
	GlobalSection(SolutionProperties) = preSolution
		HideSolutionNode = FALSE
	EndGlobalSection
	GlobalSection(NestedProjects) = preSolution
		{11DCF409-5A97-4C23-A4D3-6294B099F3F3} = {02EA681E-C7D8-13C7-8484-4AC65E1B71E8}
		{4B9D7B3B-FF43-4DB7-9757-87F90C74052C} = {745B21D9-CBA8-4A5F-B5C8-33112393393F}
		{745B21D9-CBA8-4A5F-B5C8-33112393393F} = {02EA681E-C7D8-13C7-8484-4AC65E1B71E8}
		{58A2C488-91D4-4ABC-834B-412D92EB1E6B} = {02EA681E-C7D8-13C7-8484-4AC65E1B71E8}
		{03CF443D-753B-4E86-8888-EDD4FEA91753} = {58A2C488-91D4-4ABC-834B-412D92EB1E6B}
	EndGlobalSection
	GlobalSection(ExtensibilityGlobals) = postSolution
		SolutionGuid = {4FAAFE5D-6A2C-4B53-A79D-57B85CE3ED23}
	EndGlobalSection
EndGlobal
